
Microsoft Visual Studio Solution File, Format Version 12.00
# Visual Studio Version 16
VisualStudioVersion = 16.0.31515.178
MinimumVisualStudioVersion = 10.0.40219.1
Project("{FAE04EC0-301F-11D3-BF4B-00C04F79EFBC}") = "AquariumStore_project1", "AquariumStore_project1\AquariumStore_project1.csproj", "{005FC315-7483-4E17-839E-F1E286423F41}"
EndProject
Global
	GlobalSection(SolutionConfigurationPlatforms) = preSolution
		Debug|Any CPU = Debug|Any CPU
		Release|Any CPU = Release|Any CPU
	EndGlobalSection
	GlobalSection(ProjectConfigurationPlatforms) = postSolution
		{005FC315-7483-4E17-839E-F1E286423F41}.Debug|Any CPU.ActiveCfg = Debug|Any CPU
		{005FC315-7483-4E17-839E-F1E286423F41}.Debug|Any CPU.Build.0 = Debug|Any CPU
		{005FC315-7483-4E17-839E-F1E286423F41}.Release|Any CPU.ActiveCfg = Release|Any CPU
		{005FC315-7483-4E17-839E-F1E286423F41}.Release|Any CPU.Build.0 = Release|Any CPU
	EndGlobalSection
	GlobalSection(SolutionProperties) = preSolution
		HideSolutionNode = FALSE
	EndGlobalSection
	GlobalSection(ExtensibilityGlobals) = postSolution
		SolutionGuid = {C1DBDF53-5687-427C-90E7-1565EF25A569}
	EndGlobalSection
EndGlobal
